// !$*UTF8*$!
{
	archiveVersion = 1;
	classes = {
	};
	objectVersion = 46;
	objects = {

/* Begin PBXBuildFile section */
		CDB389CD19A473CA0013153E /* Foundation.framework in Frameworks */ = {isa = PBXBuildFile; fileRef = CDB389CC19A473CA0013153E /* Foundation.framework */; };
		CDB389CF19A473CA0013153E /* CoreGraphics.framework in Frameworks */ = {isa = PBXBuildFile; fileRef = CDB389CE19A473CA0013153E /* CoreGraphics.framework */; };
		CDB389D119A473CA0013153E /* UIKit.framework in Frameworks */ = {isa = PBXBuildFile; fileRef = CDB389D019A473CA0013153E /* UIKit.framework */; };
		CDB389D719A473CA0013153E /* InfoPlist.strings in Resources */ = {isa = PBXBuildFile; fileRef = CDB389D519A473CA0013153E /* InfoPlist.strings */; };
		CDB389D919A473CA0013153E /* main.m in Sources */ = {isa = PBXBuildFile; fileRef = CDB389D819A473CA0013153E /* main.m */; };
		CDB389DD19A473CA0013153E /* DMZAppDelegate.m in Sources */ = {isa = PBXBuildFile; fileRef = CDB389DC19A473CA0013153E /* DMZAppDelegate.m */; };
		CDB389E019A473CA0013153E /* Main.storyboard in Resources */ = {isa = PBXBuildFile; fileRef = CDB389DE19A473CA0013153E /* Main.storyboard */; };
		CDB389E319A473CA0013153E /* DMZViewController.m in Sources */ = {isa = PBXBuildFile; fileRef = CDB389E219A473CA0013153E /* DMZViewController.m */; };
		CDB389E519A473CA0013153E /* Images.xcassets in Resources */ = {isa = PBXBuildFile; fileRef = CDB389E419A473CA0013153E /* Images.xcassets */; };
		CDB389EC19A473CA0013153E /* XCTest.framework in Frameworks */ = {isa = PBXBuildFile; fileRef = CDB389EB19A473CA0013153E /* XCTest.framework */; };
		CDB389ED19A473CA0013153E /* Foundation.framework in Frameworks */ = {isa = PBXBuildFile; fileRef = CDB389CC19A473CA0013153E /* Foundation.framework */; };
		CDB389EE19A473CA0013153E /* UIKit.framework in Frameworks */ = {isa = PBXBuildFile; fileRef = CDB389D019A473CA0013153E /* UIKit.framework */; };
		CDB389F619A473CA0013153E /* InfoPlist.strings in Resources */ = {isa = PBXBuildFile; fileRef = CDB389F419A473CA0013153E /* InfoPlist.strings */; };
		CDB389F819A473CA0013153E /* Pirate_Adventure_3Tests.m in Sources */ = {isa = PBXBuildFile; fileRef = CDB389F719A473CA0013153E /* Pirate_Adventure_3Tests.m */; };
		CDB38A1519A4741A0013153E /* arrowdown.png in Resources */ = {isa = PBXBuildFile; fileRef = CDB38A0219A4741A0013153E /* arrowdown.png */; };
		CDB38A1619A4741A0013153E /* arrowleft.png in Resources */ = {isa = PBXBuildFile; fileRef = CDB38A0319A4741A0013153E /* arrowleft.png */; };
		CDB38A1719A4741A0013153E /* arrowright.png in Resources */ = {isa = PBXBuildFile; fileRef = CDB38A0419A4741A0013153E /* arrowright.png */; };
		CDB38A1819A4741A0013153E /* arrowup.png in Resources */ = {isa = PBXBuildFile; fileRef = CDB38A0519A4741A0013153E /* arrowup.png */; };
		CDB38A1919A4741A0013153E /* parrot.jpg in Resources */ = {isa = PBXBuildFile; fileRef = CDB38A0619A4741A0013153E /* parrot.jpg */; };
		CDB38A1A19A4741A0013153E /* PirateAttack.jpg in Resources */ = {isa = PBXBuildFile; fileRef = CDB38A0719A4741A0013153E /* PirateAttack.jpg */; };
		CDB38A1B19A4741A0013153E /* pirateblacksmith.jpg in Resources */ = {isa = PBXBuildFile; fileRef = CDB38A0819A4741A0013153E /* pirateblacksmith.jpg */; };
		CDB38A1C19A4741A0013153E /* PirateBoss.jpeg in Resources */ = {isa = PBXBuildFile; fileRef = CDB38A0919A4741A0013153E /* PirateBoss.jpeg */; };
		CDB38A1D19A4741A0013153E /* PirateFriendlyDock.jpg in Resources */ = {isa = PBXBuildFile; fileRef = CDB38A0A19A4741A0013153E /* PirateFriendlyDock.jpg */; };
		CDB38A1E19A4741A0013153E /* PirateOctopusAttack.jpg in Resources */ = {isa = PBXBuildFile; fileRef = CDB38A0B19A4741A0013153E /* PirateOctopusAttack.jpg */; };
		CDB38A1F19A4741A0013153E /* PiratePlank.jpg in Resources */ = {isa = PBXBuildFile; fileRef = CDB38A0C19A4741A0013153E /* PiratePlank.jpg */; };
		CDB38A2019A4741A0013153E /* PirateShipBattle.jpeg in Resources */ = {isa = PBXBuildFile; fileRef = CDB38A0D19A4741A0013153E /* PirateShipBattle.jpeg */; };
		CDB38A2119A4741A0013153E /* PirateStart.jpg in Resources */ = {isa = PBXBuildFile; fileRef = CDB38A0E19A4741A0013153E /* PirateStart.jpg */; };
		CDB38A2219A4741A0013153E /* PirateTreasure.jpeg in Resources */ = {isa = PBXBuildFile; fileRef = CDB38A0F19A4741A0013153E /* PirateTreasure.jpeg */; };
		CDB38A2319A4741A0013153E /* PirateTreasurer2.jpeg in Resources */ = {isa = PBXBuildFile; fileRef = CDB38A1019A4741A0013153E /* PirateTreasurer2.jpeg */; };
		CDB38A2419A4741A0013153E /* PirateWeapons.jpeg in Resources */ = {isa = PBXBuildFile; fileRef = CDB38A1119A4741A0013153E /* PirateWeapons.jpeg */; };
		CDB38A2519A4741A0013153E /* scroll.png in Resources */ = {isa = PBXBuildFile; fileRef = CDB38A1219A4741A0013153E /* scroll.png */; };
		CDB38A2619A4741A0013153E /* scroll1.png in Resources */ = {isa = PBXBuildFile; fileRef = CDB38A1319A4741A0013153E /* scroll1.png */; };
		CDB38A2719A4741A0013153E /* wallpaper.jpg in Resources */ = {isa = PBXBuildFile; fileRef = CDB38A1419A4741A0013153E /* wallpaper.jpg */; };
		CDB38A2B19A478D30013153E /* DMZTile.m in Sources */ = {isa = PBXBuildFile; fileRef = CDB38A2A19A478D30013153E /* DMZTile.m */; };
		CDB38A2F19A478E70013153E /* DMZFactory.m in Sources */ = {isa = PBXBuildFile; fileRef = CDB38A2E19A478E70013153E /* DMZFactory.m */; };
		CDB38A3219A485830013153E /* DMZWeapon.m in Sources */ = {isa = PBXBuildFile; fileRef = CDB38A3119A485830013153E /* DMZWeapon.m */; };
		CDB38A3519A485AE0013153E /* DMZArmor.m in Sources */ = {isa = PBXBuildFile; fileRef = CDB38A3419A485AE0013153E /* DMZArmor.m */; };
		CDB38A3819A485F30013153E /* DMZCharacter.m in Sources */ = {isa = PBXBuildFile; fileRef = CDB38A3719A485F30013153E /* DMZCharacter.m */; };
		CDB38A3B19A48FC40013153E /* DMZBoss.m in Sources */ = {isa = PBXBuildFile; fileRef = CDB38A3A19A48FC40013153E /* DMZBoss.m */; };
/* End PBXBuildFile section */

/* Begin PBXContainerItemProxy section */
		CDB389EF19A473CA0013153E /* PBXContainerItemProxy */ = {
			isa = PBXContainerItemProxy;
			containerPortal = CDB389C119A473CA0013153E /* Project object */;
			proxyType = 1;
			remoteGlobalIDString = CDB389C819A473CA0013153E;
			remoteInfo = "Pirate Adventure 3";
		};
/* End PBXContainerItemProxy section */

/* Begin PBXFileReference section */
		CDB389C919A473CA0013153E /* Pirate Adventure 3.app */ = {isa = PBXFileReference; explicitFileType = wrapper.application; includeInIndex = 0; path = "Pirate Adventure 3.app"; sourceTree = BUILT_PRODUCTS_DIR; };
		CDB389CC19A473CA0013153E /* Foundation.framework */ = {isa = PBXFileReference; lastKnownFileType = wrapper.framework; name = Foundation.framework; path = System/Library/Frameworks/Foundation.framework; sourceTree = SDKROOT; };
		CDB389CE19A473CA0013153E /* CoreGraphics.framework */ = {isa = PBXFileReference; lastKnownFileType = wrapper.framework; name = CoreGraphics.framework; path = System/Library/Frameworks/CoreGraphics.framework; sourceTree = SDKROOT; };
		CDB389D019A473CA0013153E /* UIKit.framework */ = {isa = PBXFileReference; lastKnownFileType = wrapper.framework; name = UIKit.framework; path = System/Library/Frameworks/UIKit.framework; sourceTree = SDKROOT; };
		CDB389D419A473CA0013153E /* Pirate Adventure 3-Info.plist */ = {isa = PBXFileReference; lastKnownFileType = text.plist.xml; path = "Pirate Adventure 3-Info.plist"; sourceTree = "<group>"; };
		CDB389D619A473CA0013153E /* en */ = {isa = PBXFileReference; lastKnownFileType = text.plist.strings; name = en; path = en.lproj/InfoPlist.strings; sourceTree = "<group>"; };
		CDB389D819A473CA0013153E /* main.m */ = {isa = PBXFileReference; lastKnownFileType = sourcecode.c.objc; path = main.m; sourceTree = "<group>"; };
		CDB389DA19A473CA0013153E /* Pirate Adventure 3-Prefix.pch */ = {isa = PBXFileReference; lastKnownFileType = sourcecode.c.h; path = "Pirate Adventure 3-Prefix.pch"; sourceTree = "<group>"; };
		CDB389DB19A473CA0013153E /* DMZAppDelegate.h */ = {isa = PBXFileReference; lastKnownFileType = sourcecode.c.h; path = DMZAppDelegate.h; sourceTree = "<group>"; };
		CDB389DC19A473CA0013153E /* DMZAppDelegate.m */ = {isa = PBXFileReference; lastKnownFileType = sourcecode.c.objc; path = DMZAppDelegate.m; sourceTree = "<group>"; };
		CDB389DF19A473CA0013153E /* Base */ = {isa = PBXFileReference; lastKnownFileType = file.storyboard; name = Base; path = Base.lproj/Main.storyboard; sourceTree = "<group>"; };
		CDB389E119A473CA0013153E /* DMZViewController.h */ = {isa = PBXFileReference; lastKnownFileType = sourcecode.c.h; path = DMZViewController.h; sourceTree = "<group>"; };
		CDB389E219A473CA0013153E /* DMZViewController.m */ = {isa = PBXFileReference; lastKnownFileType = sourcecode.c.objc; path = DMZViewController.m; sourceTree = "<group>"; };
		CDB389E419A473CA0013153E /* Images.xcassets */ = {isa = PBXFileReference; lastKnownFileType = folder.assetcatalog; path = Images.xcassets; sourceTree = "<group>"; };
		CDB389EA19A473CA0013153E /* Pirate Adventure 3Tests.xctest */ = {isa = PBXFileReference; explicitFileType = wrapper.cfbundle; includeInIndex = 0; path = "Pirate Adventure 3Tests.xctest"; sourceTree = BUILT_PRODUCTS_DIR; };
		CDB389EB19A473CA0013153E /* XCTest.framework */ = {isa = PBXFileReference; lastKnownFileType = wrapper.framework; name = XCTest.framework; path = Library/Frameworks/XCTest.framework; sourceTree = DEVELOPER_DIR; };
		CDB389F319A473CA0013153E /* Pirate Adventure 3Tests-Info.plist */ = {isa = PBXFileReference; lastKnownFileType = text.plist.xml; path = "Pirate Adventure 3Tests-Info.plist"; sourceTree = "<group>"; };
		CDB389F519A473CA0013153E /* en */ = {isa = PBXFileReference; lastKnownFileType = text.plist.strings; name = en; path = en.lproj/InfoPlist.strings; sourceTree = "<group>"; };
		CDB389F719A473CA0013153E /* Pirate_Adventure_3Tests.m */ = {isa = PBXFileReference; lastKnownFileType = sourcecode.c.objc; path = Pirate_Adventure_3Tests.m; sourceTree = "<group>"; };
		CDB38A0219A4741A0013153E /* arrowdown.png */ = {isa = PBXFileReference; lastKnownFileType = image.png; path = arrowdown.png; sourceTree = "<group>"; };
		CDB38A0319A4741A0013153E /* arrowleft.png */ = {isa = PBXFileReference; lastKnownFileType = image.png; path = arrowleft.png; sourceTree = "<group>"; };
		CDB38A0419A4741A0013153E /* arrowright.png */ = {isa = PBXFileReference; lastKnownFileType = image.png; path = arrowright.png; sourceTree = "<group>"; };
		CDB38A0519A4741A0013153E /* arrowup.png */ = {isa = PBXFileReference; lastKnownFileType = image.png; path = arrowup.png; sourceTree = "<group>"; };
		CDB38A0619A4741A0013153E /* parrot.jpg */ = {isa = PBXFileReference; lastKnownFileType = image.jpeg; path = parrot.jpg; sourceTree = "<group>"; };
		CDB38A0719A4741A0013153E /* PirateAttack.jpg */ = {isa = PBXFileReference; lastKnownFileType = image.jpeg; path = PirateAttack.jpg; sourceTree = "<group>"; };
		CDB38A0819A4741A0013153E /* pirateblacksmith.jpg */ = {isa = PBXFileReference; lastKnownFileType = image.jpeg; path = pirateblacksmith.jpg; sourceTree = "<group>"; };
		CDB38A0919A4741A0013153E /* PirateBoss.jpeg */ = {isa = PBXFileReference; lastKnownFileType = image.jpeg; path = PirateBoss.jpeg; sourceTree = "<group>"; };
		CDB38A0A19A4741A0013153E /* PirateFriendlyDock.jpg */ = {isa = PBXFileReference; lastKnownFileType = image.jpeg; path = PirateFriendlyDock.jpg; sourceTree = "<group>"; };
		CDB38A0B19A4741A0013153E /* PirateOctopusAttack.jpg */ = {isa = PBXFileReference; lastKnownFileType = image.jpeg; path = PirateOctopusAttack.jpg; sourceTree = "<group>"; };
		CDB38A0C19A4741A0013153E /* PiratePlank.jpg */ = {isa = PBXFileReference; lastKnownFileType = image.jpeg; path = PiratePlank.jpg; sourceTree = "<group>"; };
		CDB38A0D19A4741A0013153E /* PirateShipBattle.jpeg */ = {isa = PBXFileReference; lastKnownFileType = image.jpeg; path = PirateShipBattle.jpeg; sourceTree = "<group>"; };
		CDB38A0E19A4741A0013153E /* PirateStart.jpg */ = {isa = PBXFileReference; lastKnownFileType = image.jpeg; path = PirateStart.jpg; sourceTree = "<group>"; };
		CDB38A0F19A4741A0013153E /* PirateTreasure.jpeg */ = {isa = PBXFileReference; lastKnownFileType = image.jpeg; path = PirateTreasure.jpeg; sourceTree = "<group>"; };
		CDB38A1019A4741A0013153E /* PirateTreasurer2.jpeg */ = {isa = PBXFileReference; lastKnownFileType = image.jpeg; path = PirateTreasurer2.jpeg; sourceTree = "<group>"; };
		CDB38A1119A4741A0013153E /* PirateWeapons.jpeg */ = {isa = PBXFileReference; lastKnownFileType = image.jpeg; path = PirateWeapons.jpeg; sourceTree = "<group>"; };
		CDB38A1219A4741A0013153E /* scroll.png */ = {isa = PBXFileReference; lastKnownFileType = image.png; path = scroll.png; sourceTree = "<group>"; };
		CDB38A1319A4741A0013153E /* scroll1.png */ = {isa = PBXFileReference; lastKnownFileType = image.png; path = scroll1.png; sourceTree = "<group>"; };
		CDB38A1419A4741A0013153E /* wallpaper.jpg */ = {isa = PBXFileReference; lastKnownFileType = image.jpeg; path = wallpaper.jpg; sourceTree = "<group>"; };
		CDB38A2919A478D30013153E /* DMZTile.h */ = {isa = PBXFileReference; fileEncoding = 4; lastKnownFileType = sourcecode.c.h; path = DMZTile.h; sourceTree = "<group>"; };
		CDB38A2A19A478D30013153E /* DMZTile.m */ = {isa = PBXFileReference; fileEncoding = 4; lastKnownFileType = sourcecode.c.objc; path = DMZTile.m; sourceTree = "<group>"; };
		CDB38A2D19A478E70013153E /* DMZFactory.h */ = {isa = PBXFileReference; fileEncoding = 4; lastKnownFileType = sourcecode.c.h; path = DMZFactory.h; sourceTree = "<group>"; };
		CDB38A2E19A478E70013153E /* DMZFactory.m */ = {isa = PBXFileReference; fileEncoding = 4; lastKnownFileType = sourcecode.c.objc; path = DMZFactory.m; sourceTree = "<group>"; };
		CDB38A3019A485830013153E /* DMZWeapon.h */ = {isa = PBXFileReference; fileEncoding = 4; lastKnownFileType = sourcecode.c.h; path = DMZWeapon.h; sourceTree = "<group>"; };
		CDB38A3119A485830013153E /* DMZWeapon.m */ = {isa = PBXFileReference; fileEncoding = 4; lastKnownFileType = sourcecode.c.objc; path = DMZWeapon.m; sourceTree = "<group>"; };
		CDB38A3319A485AE0013153E /* DMZArmor.h */ = {isa = PBXFileReference; fileEncoding = 4; lastKnownFileType = sourcecode.c.h; path = DMZArmor.h; sourceTree = "<group>"; };
		CDB38A3419A485AE0013153E /* DMZArmor.m */ = {isa = PBXFileReference; fileEncoding = 4; lastKnownFileType = sourcecode.c.objc; path = DMZArmor.m; sourceTree = "<group>"; };
		CDB38A3619A485F30013153E /* DMZCharacter.h */ = {isa = PBXFileReference; fileEncoding = 4; lastKnownFileType = sourcecode.c.h; path = DMZCharacter.h; sourceTree = "<group>"; };
		CDB38A3719A485F30013153E /* DMZCharacter.m */ = {isa = PBXFileReference; fileEncoding = 4; lastKnownFileType = sourcecode.c.objc; path = DMZCharacter.m; sourceTree = "<group>"; };
		CDB38A3919A48FC40013153E /* DMZBoss.h */ = {isa = PBXFileReference; fileEncoding = 4; lastKnownFileType = sourcecode.c.h; path = DMZBoss.h; sourceTree = "<group>"; };
		CDB38A3A19A48FC40013153E /* DMZBoss.m */ = {isa = PBXFileReference; fileEncoding = 4; lastKnownFileType = sourcecode.c.objc; path = DMZBoss.m; sourceTree = "<group>"; };
/* End PBXFileReference section */

/* Begin PBXFrameworksBuildPhase section */
		CDB389C619A473CA0013153E /* Frameworks */ = {
			isa = PBXFrameworksBuildPhase;
			buildActionMask = 2147483647;
			files = (
				CDB389CF19A473CA0013153E /* CoreGraphics.framework in Frameworks */,
				CDB389D119A473CA0013153E /* UIKit.framework in Frameworks */,
				CDB389CD19A473CA0013153E /* Foundation.framework in Frameworks */,
			);
			runOnlyForDeploymentPostprocessing = 0;
		};
		CDB389E719A473CA0013153E /* Frameworks */ = {
			isa = PBXFrameworksBuildPhase;
			buildActionMask = 2147483647;
			files = (
				CDB389EC19A473CA0013153E /* XCTest.framework in Frameworks */,
				CDB389EE19A473CA0013153E /* UIKit.framework in Frameworks */,
				CDB389ED19A473CA0013153E /* Foundation.framework in Frameworks */,
			);
			runOnlyForDeploymentPostprocessing = 0;
		};
/* End PBXFrameworksBuildPhase section */

/* Begin PBXGroup section */
		CDB389C019A473CA0013153E = {
			isa = PBXGroup;
			children = (
				CDB389D219A473CA0013153E /* Pirate Adventure 3 */,
				CDB389F119A473CA0013153E /* Pirate Adventure 3Tests */,
				CDB389CB19A473CA0013153E /* Frameworks */,
				CDB389CA19A473CA0013153E /* Products */,
			);
			sourceTree = "<group>";
		};
		CDB389CA19A473CA0013153E /* Products */ = {
			isa = PBXGroup;
			children = (
				CDB389C919A473CA0013153E /* Pirate Adventure 3.app */,
				CDB389EA19A473CA0013153E /* Pirate Adventure 3Tests.xctest */,
			);
			name = Products;
			sourceTree = "<group>";
		};
		CDB389CB19A473CA0013153E /* Frameworks */ = {
			isa = PBXGroup;
			children = (
				CDB389CC19A473CA0013153E /* Foundation.framework */,
				CDB389CE19A473CA0013153E /* CoreGraphics.framework */,
				CDB389D019A473CA0013153E /* UIKit.framework */,
				CDB389EB19A473CA0013153E /* XCTest.framework */,
			);
			name = Frameworks;
			sourceTree = "<group>";
		};
		CDB389D219A473CA0013153E /* Pirate Adventure 3 */ = {
			isa = PBXGroup;
			children = (
				CDB389DB19A473CA0013153E /* DMZAppDelegate.h */,
				CDB389DC19A473CA0013153E /* DMZAppDelegate.m */,
				CDB389DE19A473CA0013153E /* Main.storyboard */,
				CDB389E119A473CA0013153E /* DMZViewController.h */,
				CDB389E219A473CA0013153E /* DMZViewController.m */,
				CDB38A2819A478C40013153E /* Model */,
				CDB389E419A473CA0013153E /* Images.xcassets */,
				CDB389D319A473CA0013153E /* Supporting Files */,
			);
			path = "Pirate Adventure 3";
			sourceTree = "<group>";
		};
		CDB389D319A473CA0013153E /* Supporting Files */ = {
			isa = PBXGroup;
			children = (
				CDB38A0119A4741A0013153E /* pirateImage */,
				CDB389D419A473CA0013153E /* Pirate Adventure 3-Info.plist */,
				CDB389D519A473CA0013153E /* InfoPlist.strings */,
				CDB389D819A473CA0013153E /* main.m */,
				CDB389DA19A473CA0013153E /* Pirate Adventure 3-Prefix.pch */,
			);
			name = "Supporting Files";
			sourceTree = "<group>";
		};
		CDB389F119A473CA0013153E /* Pirate Adventure 3Tests */ = {
			isa = PBXGroup;
			children = (
				CDB389F719A473CA0013153E /* Pirate_Adventure_3Tests.m */,
				CDB389F219A473CA0013153E /* Supporting Files */,
			);
			path = "Pirate Adventure 3Tests";
			sourceTree = "<group>";
		};
		CDB389F219A473CA0013153E /* Supporting Files */ = {
			isa = PBXGroup;
			children = (
				CDB389F319A473CA0013153E /* Pirate Adventure 3Tests-Info.plist */,
				CDB389F419A473CA0013153E /* InfoPlist.strings */,
			);
			name = "Supporting Files";
			sourceTree = "<group>";
		};
		CDB38A0119A4741A0013153E /* pirateImage */ = {
			isa = PBXGroup;
			children = (
				CDB38A0219A4741A0013153E /* arrowdown.png */,
				CDB38A0319A4741A0013153E /* arrowleft.png */,
				CDB38A0419A4741A0013153E /* arrowright.png */,
				CDB38A0519A4741A0013153E /* arrowup.png */,
				CDB38A0619A4741A0013153E /* parrot.jpg */,
				CDB38A0719A4741A0013153E /* PirateAttack.jpg */,
				CDB38A0819A4741A0013153E /* pirateblacksmith.jpg */,
				CDB38A0919A4741A0013153E /* PirateBoss.jpeg */,
				CDB38A0A19A4741A0013153E /* PirateFriendlyDock.jpg */,
				CDB38A0B19A4741A0013153E /* PirateOctopusAttack.jpg */,
				CDB38A0C19A4741A0013153E /* PiratePlank.jpg */,
				CDB38A0D19A4741A0013153E /* PirateShipBattle.jpeg */,
				CDB38A0E19A4741A0013153E /* PirateStart.jpg */,
				CDB38A0F19A4741A0013153E /* PirateTreasure.jpeg */,
				CDB38A1019A4741A0013153E /* PirateTreasurer2.jpeg */,
				CDB38A1119A4741A0013153E /* PirateWeapons.jpeg */,
				CDB38A1219A4741A0013153E /* scroll.png */,
				CDB38A1319A4741A0013153E /* scroll1.png */,
				CDB38A1419A4741A0013153E /* wallpaper.jpg */,
			);
			path = pirateImage;
			sourceTree = "<group>";
		};
		CDB38A2819A478C40013153E /* Model */ = {
			isa = PBXGroup;
			children = (
				CDB38A2C19A478DB0013153E /* Factory */,
				CDB38A2919A478D30013153E /* DMZTile.h */,
				CDB38A2A19A478D30013153E /* DMZTile.m */,
				CDB38A3019A485830013153E /* DMZWeapon.h */,
				CDB38A3119A485830013153E /* DMZWeapon.m */,
				CDB38A3319A485AE0013153E /* DMZArmor.h */,
				CDB38A3419A485AE0013153E /* DMZArmor.m */,
				CDB38A3619A485F30013153E /* DMZCharacter.h */,
				CDB38A3719A485F30013153E /* DMZCharacter.m */,
				CDB38A3919A48FC40013153E /* DMZBoss.h */,
				CDB38A3A19A48FC40013153E /* DMZBoss.m */,
			);
			name = Model;
			sourceTree = "<group>";
		};
		CDB38A2C19A478DB0013153E /* Factory */ = {
			isa = PBXGroup;
			children = (
				CDB38A2D19A478E70013153E /* DMZFactory.h */,
				CDB38A2E19A478E70013153E /* DMZFactory.m */,
			);
			name = Factory;
			sourceTree = "<group>";
		};
/* End PBXGroup section */

/* Begin PBXNativeTarget section */
		CDB389C819A473CA0013153E /* Pirate Adventure 3 */ = {
			isa = PBXNativeTarget;
			buildConfigurationList = CDB389FB19A473CA0013153E /* Build configuration list for PBXNativeTarget "Pirate Adventure 3" */;
			buildPhases = (
				CDB389C519A473CA0013153E /* Sources */,
				CDB389C619A473CA0013153E /* Frameworks */,
				CDB389C719A473CA0013153E /* Resources */,
			);
			buildRules = (
			);
			dependencies = (
			);
			name = "Pirate Adventure 3";
			productName = "Pirate Adventure 3";
			productReference = CDB389C919A473CA0013153E /* Pirate Adventure 3.app */;
			productType = "com.apple.product-type.application";
		};
		CDB389E919A473CA0013153E /* Pirate Adventure 3Tests */ = {
			isa = PBXNativeTarget;
			buildConfigurationList = CDB389FE19A473CA0013153E /* Build configuration list for PBXNativeTarget "Pirate Adventure 3Tests" */;
			buildPhases = (
				CDB389E619A473CA0013153E /* Sources */,
				CDB389E719A473CA0013153E /* Frameworks */,
				CDB389E819A473CA0013153E /* Resources */,
			);
			buildRules = (
			);
			dependencies = (
				CDB389F019A473CA0013153E /* PBXTargetDependency */,
			);
			name = "Pirate Adventure 3Tests";
			productName = "Pirate Adventure 3Tests";
			productReference = CDB389EA19A473CA0013153E /* Pirate Adventure 3Tests.xctest */;
			productType = "com.apple.product-type.bundle.unit-test";
		};
/* End PBXNativeTarget section */

/* Begin PBXProject section */
		CDB389C119A473CA0013153E /* Project object */ = {
			isa = PBXProject;
			attributes = {
				CLASSPREFIX = DMZ;
				LastUpgradeCheck = 0510;
				ORGANIZATIONNAME = "Dream Code";
				TargetAttributes = {
					CDB389E919A473CA0013153E = {
						TestTargetID = CDB389C819A473CA0013153E;
					};
				};
			};
			buildConfigurationList = CDB389C419A473CA0013153E /* Build configuration list for PBXProject "Pirate Adventure 3" */;
			compatibilityVersion = "Xcode 3.2";
			developmentRegion = English;
			hasScannedForEncodings = 0;
			knownRegions = (
				en,
				Base,
			);
			mainGroup = CDB389C019A473CA0013153E;
			productRefGroup = CDB389CA19A473CA0013153E /* Products */;
			projectDirPath = "";
			projectRoot = "";
			targets = (
				CDB389C819A473CA0013153E /* Pirate Adventure 3 */,
				CDB389E919A473CA0013153E /* Pirate Adventure 3Tests */,
			);
		};
/* End PBXProject section */

/* Begin PBXResourcesBuildPhase section */
		CDB389C719A473CA0013153E /* Resources */ = {
			isa = PBXResourcesBuildPhase;
			buildActionMask = 2147483647;
			files = (
				CDB38A1719A4741A0013153E /* arrowright.png in Resources */,
				CDB38A2119A4741A0013153E /* PirateStart.jpg in Resources */,
				CDB38A2719A4741A0013153E /* wallpaper.jpg in Resources */,
				CDB38A1919A4741A0013153E /* parrot.jpg in Resources */,
				CDB38A2319A4741A0013153E /* PirateTreasurer2.jpeg in Resources */,
				CDB38A2019A4741A0013153E /* PirateShipBattle.jpeg in Resources */,
				CDB38A1B19A4741A0013153E /* pirateblacksmith.jpg in Resources */,
				CDB38A2619A4741A0013153E /* scroll1.png in Resources */,
				CDB38A1C19A4741A0013153E /* PirateBoss.jpeg in Resources */,
				CDB38A1619A4741A0013153E /* arrowleft.png in Resources */,
				CDB38A1819A4741A0013153E /* arrowup.png in Resources */,
				CDB389E519A473CA0013153E /* Images.xcassets in Resources */,
				CDB389D719A473CA0013153E /* InfoPlist.strings in Resources */,
				CDB38A1D19A4741A0013153E /* PirateFriendlyDock.jpg in Resources */,
				CDB38A1E19A4741A0013153E /* PirateOctopusAttack.jpg in Resources */,
				CDB38A1A19A4741A0013153E /* PirateAttack.jpg in Resources */,
				CDB38A1F19A4741A0013153E /* PiratePlank.jpg in Resources */,
				CDB389E019A473CA0013153E /* Main.storyboard in Resources */,
				CDB38A2519A4741A0013153E /* scroll.png in Resources */,
				CDB38A1519A4741A0013153E /* arrowdown.png in Resources */,
				CDB38A2219A4741A0013153E /* PirateTreasure.jpeg in Resources */,
				CDB38A2419A4741A0013153E /* PirateWeapons.jpeg in Resources */,
			);
			runOnlyForDeploymentPostprocessing = 0;
		};
		CDB389E819A473CA0013153E /* Resources */ = {
			isa = PBXResourcesBuildPhase;
			buildActionMask = 2147483647;
			files = (
				CDB389F619A473CA0013153E /* InfoPlist.strings in Resources */,
			);
			runOnlyForDeploymentPostprocessing = 0;
		};
/* End PBXResourcesBuildPhase section */

/* Begin PBXSourcesBuildPhase section */
		CDB389C519A473CA0013153E /* Sources */ = {
			isa = PBXSourcesBuildPhase;
			buildActionMask = 2147483647;
			files = (
				CDB38A2F19A478E70013153E /* DMZFactory.m in Sources */,
				CDB38A3819A485F30013153E /* DMZCharacter.m in Sources */,
				CDB38A3219A485830013153E /* DMZWeapon.m in Sources */,
				CDB38A3B19A48FC40013153E /* DMZBoss.m in Sources */,
				CDB389E319A473CA0013153E /* DMZViewController.m in Sources */,
				CDB38A2B19A478D30013153E /* DMZTile.m in Sources */,
				CDB389DD19A473CA0013153E /* DMZAppDelegate.m in Sources */,
				CDB389D919A473CA0013153E /* main.m in Sources */,
				CDB38A3519A485AE0013153E /* DMZArmor.m in Sources */,
			);
			runOnlyForDeploymentPostprocessing = 0;
		};
		CDB389E619A473CA0013153E /* Sources */ = {
			isa = PBXSourcesBuildPhase;
			buildActionMask = 2147483647;
			files = (
				CDB389F819A473CA0013153E /* Pirate_Adventure_3Tests.m in Sources */,
			);
			runOnlyForDeploymentPostprocessing = 0;
		};
/* End PBXSourcesBuildPhase section */

/* Begin PBXTargetDependency section */
		CDB389F019A473CA0013153E /* PBXTargetDependency */ = {
			isa = PBXTargetDependency;
			target = CDB389C819A473CA0013153E /* Pirate Adventure 3 */;
			targetProxy = CDB389EF19A473CA0013153E /* PBXContainerItemProxy */;
		};
/* End PBXTargetDependency section */

/* Begin PBXVariantGroup section */
		CDB389D519A473CA0013153E /* InfoPlist.strings */ = {
			isa = PBXVariantGroup;
			children = (
				CDB389D619A473CA0013153E /* en */,
			);
			name = InfoPlist.strings;
			sourceTree = "<group>";
		};
		CDB389DE19A473CA0013153E /* Main.storyboard */ = {
			isa = PBXVariantGroup;
			children = (
				CDB389DF19A473CA0013153E /* Base */,
			);
			name = Main.storyboard;
			sourceTree = "<group>";
		};
		CDB389F419A473CA0013153E /* InfoPlist.strings */ = {
			isa = PBXVariantGroup;
			children = (
				CDB389F519A473CA0013153E /* en */,
			);
			name = InfoPlist.strings;
			sourceTree = "<group>";
		};
/* End PBXVariantGroup section */

/* Begin XCBuildConfiguration section */
		CDB389F919A473CA0013153E /* Debug */ = {
			isa = XCBuildConfiguration;
			buildSettings = {
				ALWAYS_SEARCH_USER_PATHS = NO;
				CLANG_CXX_LANGUAGE_STANDARD = "gnu++0x";
				CLANG_CXX_LIBRARY = "libc++";
				CLANG_ENABLE_MODULES = YES;
				CLANG_ENABLE_OBJC_ARC = YES;
				CLANG_WARN_BOOL_CONVERSION = YES;
				CLANG_WARN_CONSTANT_CONVERSION = YES;
				CLANG_WARN_DIRECT_OBJC_ISA_USAGE = YES_ERROR;
				CLANG_WARN_EMPTY_BODY = YES;
				CLANG_WARN_ENUM_CONVERSION = YES;
				CLANG_WARN_INT_CONVERSION = YES;
				CLANG_WARN_OBJC_ROOT_CLASS = YES_ERROR;
				CLANG_WARN__DUPLICATE_METHOD_MATCH = YES;
				"CODE_SIGN_IDENTITY[sdk=iphoneos*]" = "iPhone Developer";
				COPY_PHASE_STRIP = NO;
				GCC_C_LANGUAGE_STANDARD = gnu99;
				GCC_DYNAMIC_NO_PIC = NO;
				GCC_OPTIMIZATION_LEVEL = 0;
				GCC_PREPROCESSOR_DEFINITIONS = (
					"DEBUG=1",
					"$(inherited)",
				);
				GCC_SYMBOLS_PRIVATE_EXTERN = NO;
				GCC_WARN_64_TO_32_BIT_CONVERSION = YES;
				GCC_WARN_ABOUT_RETURN_TYPE = YES_ERROR;
				GCC_WARN_UNDECLARED_SELECTOR = YES;
				GCC_WARN_UNINITIALIZED_AUTOS = YES_AGGRESSIVE;
				GCC_WARN_UNUSED_FUNCTION = YES;
				GCC_WARN_UNUSED_VARIABLE = YES;
				IPHONEOS_DEPLOYMENT_TARGET = 7.1;
				ONLY_ACTIVE_ARCH = YES;
				SDKROOT = iphoneos;
			};
			name = Debug;
		};
		CDB389FA19A473CA0013153E /* Release */ = {
			isa = XCBuildConfiguration;
			buildSettings = {
				ALWAYS_SEARCH_USER_PATHS = NO;
				CLANG_CXX_LANGUAGE_STANDARD = "gnu++0x";
				CLANG_CXX_LIBRARY = "libc++";
				CLANG_ENABLE_MODULES = YES;
				CLANG_ENABLE_OBJC_ARC = YES;
				CLANG_WARN_BOOL_CONVERSION = YES;
				CLANG_WARN_CONSTANT_CONVERSION = YES;
				CLANG_WARN_DIRECT_OBJC_ISA_USAGE = YES_ERROR;
				CLANG_WARN_EMPTY_BODY = YES;
				CLANG_WARN_ENUM_CONVERSION = YES;
				CLANG_WARN_INT_CONVERSION = YES;
				CLANG_WARN_OBJC_ROOT_CLASS = YES_ERROR;
				CLANG_WARN__DUPLICATE_METHOD_MATCH = YES;
				"CODE_SIGN_IDENTITY[sdk=iphoneos*]" = "iPhone Developer";
				COPY_PHASE_STRIP = YES;
				ENABLE_NS_ASSERTIONS = NO;
				GCC_C_LANGUAGE_STANDARD = gnu99;
				GCC_WARN_64_TO_32_BIT_CONVERSION = YES;
				GCC_WARN_ABOUT_RETURN_TYPE = YES_ERROR;
				GCC_WARN_UNDECLARED_SELECTOR = YES;
				GCC_WARN_UNINITIALIZED_AUTOS = YES_AGGRESSIVE;
				GCC_WARN_UNUSED_FUNCTION = YES;
				GCC_WARN_UNUSED_VARIABLE = YES;
				IPHONEOS_DEPLOYMENT_TARGET = 7.1;
				SDKROOT = iphoneos;
				VALIDATE_PRODUCT = YES;
			};
			name = Release;
		};
		CDB389FC19A473CA0013153E /* Debug */ = {
			isa = XCBuildConfiguration;
			buildSettings = {
				ASSETCATALOG_COMPILER_APPICON_NAME = AppIcon;
				ASSETCATALOG_COMPILER_LAUNCHIMAGE_NAME = LaunchImage;
				GCC_PRECOMPILE_PREFIX_HEADER = YES;
				GCC_PREFIX_HEADER = "Pirate Adventure 3/Pirate Adventure 3-Prefix.pch";
				INFOPLIST_FILE = "Pirate Adventure 3/Pirate Adventure 3-Info.plist";
				PRODUCT_NAME = "$(TARGET_NAME)";
				WRAPPER_EXTENSION = app;
			};
			name = Debug;
		};
		CDB389FD19A473CA0013153E /* Release */ = {
			isa = XCBuildConfiguration;
			buildSettings = {
				ASSETCATALOG_COMPILER_APPICON_NAME = AppIcon;
				ASSETCATALOG_COMPILER_LAUNCHIMAGE_NAME = LaunchImage;
				GCC_PRECOMPILE_PREFIX_HEADER = YES;
				GCC_PREFIX_HEADER = "Pirate Adventure 3/Pirate Adventure 3-Prefix.pch";
				INFOPLIST_FILE = "Pirate Adventure 3/Pirate Adventure 3-Info.plist";
				PRODUCT_NAME = "$(TARGET_NAME)";
				WRAPPER_EXTENSION = app;
			};
			name = Release;
		};
		CDB389FF19A473CA0013153E /* Debug */ = {
			isa = XCBuildConfiguration;
			buildSettings = {
				BUNDLE_LOADER = "$(BUILT_PRODUCTS_DIR)/Pirate Adventure 3.app/Pirate Adventure 3";
				FRAMEWORK_SEARCH_PATHS = (
					"$(SDKROOT)/Developer/Library/Frameworks",
					"$(inherited)",
					"$(DEVELOPER_FRAMEWORKS_DIR)",
				);
				GCC_PRECOMPILE_PREFIX_HEADER = YES;
				GCC_PREFIX_HEADER = "Pirate Adventure 3/Pirate Adventure 3-Prefix.pch";
				GCC_PREPROCESSOR_DEFINITIONS = (
					"DEBUG=1",
					"$(inherited)",
				);
				INFOPLIST_FILE = "Pirate Adventure 3Tests/Pirate Adventure 3Tests-Info.plist";
				PRODUCT_NAME = "$(TARGET_NAME)";
				TEST_HOST = "$(BUNDLE_LOADER)";
				WRAPPER_EXTENSION = xctest;
			};
			name = Debug;
		};
		CDB38A0019A473CA0013153E /* Release */ = {
			isa = XCBuildConfiguration;
			buildSettings = {
				BUNDLE_LOADER = "$(BUILT_PRODUCTS_DIR)/Pirate Adventure 3.app/Pirate Adventure 3";
				FRAMEWORK_SEARCH_PATHS = (
					"$(SDKROOT)/Developer/Library/Frameworks",
					"$(inherited)",
					"$(DEVELOPER_FRAMEWORKS_DIR)",
				);
				GCC_PRECOMPILE_PREFIX_HEADER = YES;
				GCC_PREFIX_HEADER = "Pirate Adventure 3/Pirate Adventure 3-Prefix.pch";
				INFOPLIST_FILE = "Pirate Adventure 3Tests/Pirate Adventure 3Tests-Info.plist";
				PRODUCT_NAME = "$(TARGET_NAME)";
				TEST_HOST = "$(BUNDLE_LOADER)";
				WRAPPER_EXTENSION = xctest;
			};
			name = Release;
		};
/* End XCBuildConfiguration section */

/* Begin XCConfigurationList section */
		CDB389C419A473CA0013153E /* Build configuration list for PBXProject "Pirate Adventure 3" */ = {
			isa = XCConfigurationList;
			buildConfigurations = (
				CDB389F919A473CA0013153E /* Debug */,
				CDB389FA19A473CA0013153E /* Release */,
			);
			defaultConfigurationIsVisible = 0;
			defaultConfigurationName = Release;
		};
		CDB389FB19A473CA0013153E /* Build configuration list for PBXNativeTarget "Pirate Adventure 3" */ = {
			isa = XCConfigurationList;
			buildConfigurations = (
				CDB389FC19A473CA0013153E /* Debug */,
				CDB389FD19A473CA0013153E /* Release */,
			);
			defaultConfigurationIsVisible = 0;
		};
		CDB389FE19A473CA0013153E /* Build configuration list for PBXNativeTarget "Pirate Adventure 3Tests" */ = {
			isa = XCConfigurationList;
			buildConfigurations = (
				CDB389FF19A473CA0013153E /* Debug */,
				CDB38A0019A473CA0013153E /* Release */,
			);
			defaultConfigurationIsVisible = 0;
		};
/* End XCConfigurationList section */
	};
	rootObject = CDB389C119A473CA0013153E /* Project object */;
}
